// !$*UTF8*$!
{
	archiveVersion = 1;
	classes = {
	};
	objectVersion = 46;
	objects = {

/* Begin PBXBuildFile section */
		A12452041E609A42006E5F3A /* GCDBlackBox.swift in Sources */ = {isa = PBXBuildFile; fileRef = A12452031E609A42006E5F3A /* GCDBlackBox.swift */; };
		A12452061E60DB09006E5F3A /* MapViewController.swift in Sources */ = {isa = PBXBuildFile; fileRef = A12452051E60DB09006E5F3A /* MapViewController.swift */; };
		A12452081E60E733006E5F3A /* ParseClient.swift in Sources */ = {isa = PBXBuildFile; fileRef = A12452071E60E733006E5F3A /* ParseClient.swift */; };
		A124520A1E60E8CC006E5F3A /* StudentLocation.swift in Sources */ = {isa = PBXBuildFile; fileRef = A12452091E60E8CC006E5F3A /* StudentLocation.swift */; };
		A124520C1E610672006E5F3A /* TableViewController.swift in Sources */ = {isa = PBXBuildFile; fileRef = A124520B1E610672006E5F3A /* TableViewController.swift */; };
		A12452101E61FF03006E5F3A /* Roboto-Medium.ttf in Resources */ = {isa = PBXBuildFile; fileRef = A124520D1E61FF03006E5F3A /* Roboto-Medium.ttf */; };
		A12452111E61FF03006E5F3A /* Roboto-Regular.ttf in Resources */ = {isa = PBXBuildFile; fileRef = A124520E1E61FF03006E5F3A /* Roboto-Regular.ttf */; };
		A12452121E61FF03006E5F3A /* Roboto-Thin.ttf in Resources */ = {isa = PBXBuildFile; fileRef = A124520F1E61FF03006E5F3A /* Roboto-Thin.ttf */; };
		A12452141E622BCD006E5F3A /* InformationPostingViewController.swift in Sources */ = {isa = PBXBuildFile; fileRef = A12452131E622BCD006E5F3A /* InformationPostingViewController.swift */; };
		A12452181E6390AB006E5F3A /* OTMViewControllerConvenience.swift in Sources */ = {isa = PBXBuildFile; fileRef = A12452171E6390AB006E5F3A /* OTMViewControllerConvenience.swift */; };
		A15452FB1E5F5AA600A70BAE /* AppDelegate.swift in Sources */ = {isa = PBXBuildFile; fileRef = A15452FA1E5F5AA600A70BAE /* AppDelegate.swift */; };
		A15453001E5F5AA600A70BAE /* Main.storyboard in Resources */ = {isa = PBXBuildFile; fileRef = A15452FE1E5F5AA600A70BAE /* Main.storyboard */; };
		A15453021E5F5AA600A70BAE /* Assets.xcassets in Resources */ = {isa = PBXBuildFile; fileRef = A15453011E5F5AA600A70BAE /* Assets.xcassets */; };
		A15453051E5F5AA600A70BAE /* LaunchScreen.storyboard in Resources */ = {isa = PBXBuildFile; fileRef = A15453031E5F5AA600A70BAE /* LaunchScreen.storyboard */; };
		A15453111E5F83BA00A70BAE /* LoginViewController.swift in Sources */ = {isa = PBXBuildFile; fileRef = A15453101E5F83BA00A70BAE /* LoginViewController.swift */; };
		A15453131E5F93E300A70BAE /* UdacityClient.swift in Sources */ = {isa = PBXBuildFile; fileRef = A15453121E5F93E300A70BAE /* UdacityClient.swift */; };
/* End PBXBuildFile section */

/* Begin PBXFileReference section */
		A12452031E609A42006E5F3A /* GCDBlackBox.swift */ = {isa = PBXFileReference; fileEncoding = 4; lastKnownFileType = sourcecode.swift; path = GCDBlackBox.swift; sourceTree = "<group>"; };
		A12452051E60DB09006E5F3A /* MapViewController.swift */ = {isa = PBXFileReference; fileEncoding = 4; lastKnownFileType = sourcecode.swift; path = MapViewController.swift; sourceTree = "<group>"; };
		A12452071E60E733006E5F3A /* ParseClient.swift */ = {isa = PBXFileReference; fileEncoding = 4; lastKnownFileType = sourcecode.swift; path = ParseClient.swift; sourceTree = "<group>"; };
		A12452091E60E8CC006E5F3A /* StudentLocation.swift */ = {isa = PBXFileReference; fileEncoding = 4; lastKnownFileType = sourcecode.swift; path = StudentLocation.swift; sourceTree = "<group>"; };
		A124520B1E610672006E5F3A /* TableViewController.swift */ = {isa = PBXFileReference; fileEncoding = 4; lastKnownFileType = sourcecode.swift; path = TableViewController.swift; sourceTree = "<group>"; };
		A124520D1E61FF03006E5F3A /* Roboto-Medium.ttf */ = {isa = PBXFileReference; lastKnownFileType = file; path = "Roboto-Medium.ttf"; sourceTree = "<group>"; };
		A124520E1E61FF03006E5F3A /* Roboto-Regular.ttf */ = {isa = PBXFileReference; lastKnownFileType = file; path = "Roboto-Regular.ttf"; sourceTree = "<group>"; };
		A124520F1E61FF03006E5F3A /* Roboto-Thin.ttf */ = {isa = PBXFileReference; lastKnownFileType = file; path = "Roboto-Thin.ttf"; sourceTree = "<group>"; };
		A12452131E622BCD006E5F3A /* InformationPostingViewController.swift */ = {isa = PBXFileReference; fileEncoding = 4; lastKnownFileType = sourcecode.swift; path = InformationPostingViewController.swift; sourceTree = "<group>"; };
		A12452171E6390AB006E5F3A /* OTMViewControllerConvenience.swift */ = {isa = PBXFileReference; fileEncoding = 4; lastKnownFileType = sourcecode.swift; path = OTMViewControllerConvenience.swift; sourceTree = "<group>"; };
		A15452F71E5F5AA600A70BAE /* OnTheMap.app */ = {isa = PBXFileReference; explicitFileType = wrapper.application; includeInIndex = 0; path = OnTheMap.app; sourceTree = BUILT_PRODUCTS_DIR; };
		A15452FA1E5F5AA600A70BAE /* AppDelegate.swift */ = {isa = PBXFileReference; lastKnownFileType = sourcecode.swift; path = AppDelegate.swift; sourceTree = "<group>"; };
		A15452FF1E5F5AA600A70BAE /* Base */ = {isa = PBXFileReference; lastKnownFileType = file.storyboard; name = Base; path = Base.lproj/Main.storyboard; sourceTree = "<group>"; };
		A15453011E5F5AA600A70BAE /* Assets.xcassets */ = {isa = PBXFileReference; lastKnownFileType = folder.assetcatalog; path = Assets.xcassets; sourceTree = "<group>"; };
		A15453041E5F5AA600A70BAE /* Base */ = {isa = PBXFileReference; lastKnownFileType = file.storyboard; name = Base; path = Base.lproj/LaunchScreen.storyboard; sourceTree = "<group>"; };
		A15453061E5F5AA600A70BAE /* Info.plist */ = {isa = PBXFileReference; lastKnownFileType = text.plist.xml; path = Info.plist; sourceTree = "<group>"; };
		A15453101E5F83BA00A70BAE /* LoginViewController.swift */ = {isa = PBXFileReference; fileEncoding = 4; lastKnownFileType = sourcecode.swift; path = LoginViewController.swift; sourceTree = "<group>"; };
		A15453121E5F93E300A70BAE /* UdacityClient.swift */ = {isa = PBXFileReference; fileEncoding = 4; lastKnownFileType = sourcecode.swift; path = UdacityClient.swift; sourceTree = "<group>"; };
/* End PBXFileReference section */

/* Begin PBXFrameworksBuildPhase section */
		A15452F41E5F5AA600A70BAE /* Frameworks */ = {
			isa = PBXFrameworksBuildPhase;
			buildActionMask = 2147483647;
			files = (
			);
			runOnlyForDeploymentPostprocessing = 0;
		};
/* End PBXFrameworksBuildPhase section */

/* Begin PBXGroup section */
		A15452EE1E5F5AA600A70BAE = {
			isa = PBXGroup;
			children = (
				A15452F91E5F5AA600A70BAE /* OnTheMap */,
				A15452F81E5F5AA600A70BAE /* Products */,
			);
			sourceTree = "<group>";
		};
		A15452F81E5F5AA600A70BAE /* Products */ = {
			isa = PBXGroup;
			children = (
				A15452F71E5F5AA600A70BAE /* OnTheMap.app */,
			);
			name = Products;
			sourceTree = "<group>";
		};
		A15452F91E5F5AA600A70BAE /* OnTheMap */ = {
			isa = PBXGroup;
			children = (
				A154530F1E5F669F00A70BAE /* Controller */,
				A154530D1E5F667700A70BAE /* View */,
				A154530C1E5F666000A70BAE /* Model */,
				A15452FA1E5F5AA600A70BAE /* AppDelegate.swift */,
				A12452031E609A42006E5F3A /* GCDBlackBox.swift */,
				A154530E1E5F669000A70BAE /* Assets */,
				A15453061E5F5AA600A70BAE /* Info.plist */,
			);
			path = OnTheMap;
			sourceTree = "<group>";
		};
		A154530C1E5F666000A70BAE /* Model */ = {
			isa = PBXGroup;
			children = (
				A15453121E5F93E300A70BAE /* UdacityClient.swift */,
				A12452071E60E733006E5F3A /* ParseClient.swift */,
				A12452091E60E8CC006E5F3A /* StudentLocation.swift */,
			);
			name = Model;
			sourceTree = "<group>";
		};
		A154530D1E5F667700A70BAE /* View */ = {
			isa = PBXGroup;
			children = (
			);
			name = View;
			sourceTree = "<group>";
		};
		A154530E1E5F669000A70BAE /* Assets */ = {
			isa = PBXGroup;
			children = (
				A15452FE1E5F5AA600A70BAE /* Main.storyboard */,
				A15453011E5F5AA600A70BAE /* Assets.xcassets */,
				A15453031E5F5AA600A70BAE /* LaunchScreen.storyboard */,
				A124520D1E61FF03006E5F3A /* Roboto-Medium.ttf */,
				A124520E1E61FF03006E5F3A /* Roboto-Regular.ttf */,
				A124520F1E61FF03006E5F3A /* Roboto-Thin.ttf */,
			);
			name = Assets;
			sourceTree = "<group>";
		};
		A154530F1E5F669F00A70BAE /* Controller */ = {
			isa = PBXGroup;
			children = (
				A15453101E5F83BA00A70BAE /* LoginViewController.swift */,
				A12452051E60DB09006E5F3A /* MapViewController.swift */,
				A124520B1E610672006E5F3A /* TableViewController.swift */,
				A12452131E622BCD006E5F3A /* InformationPostingViewController.swift */,
				A12452171E6390AB006E5F3A /* OTMViewControllerConvenience.swift */,
			);
			name = Controller;
			sourceTree = "<group>";
		};
/* End PBXGroup section */

/* Begin PBXNativeTarget section */
		A15452F61E5F5AA600A70BAE /* OnTheMap */ = {
			isa = PBXNativeTarget;
			buildConfigurationList = A15453091E5F5AA600A70BAE /* Build configuration list for PBXNativeTarget "OnTheMap" */;
			buildPhases = (
				A15452F31E5F5AA600A70BAE /* Sources */,
				A15452F41E5F5AA600A70BAE /* Frameworks */,
				A15452F51E5F5AA600A70BAE /* Resources */,
			);
			buildRules = (
			);
			dependencies = (
			);
			name = OnTheMap;
			productName = OnTheMap;
			productReference = A15452F71E5F5AA600A70BAE /* OnTheMap.app */;
			productType = "com.apple.product-type.application";
		};
/* End PBXNativeTarget section */

/* Begin PBXProject section */
		A15452EF1E5F5AA600A70BAE /* Project object */ = {
			isa = PBXProject;
			attributes = {
				LastSwiftUpdateCheck = 0820;
				LastUpgradeCheck = 0820;
				ORGANIZATIONNAME = "Andreas Rueesch";
				TargetAttributes = {
					A15452F61E5F5AA600A70BAE = {
						CreatedOnToolsVersion = 8.2.1;
						DevelopmentTeam = 39SU5X655D;
						ProvisioningStyle = Automatic;
					};
				};
			};
			buildConfigurationList = A15452F21E5F5AA600A70BAE /* Build configuration list for PBXProject "OnTheMap" */;
			compatibilityVersion = "Xcode 3.2";
			developmentRegion = English;
			hasScannedForEncodings = 0;
			knownRegions = (
				en,
				Base,
			);
			mainGroup = A15452EE1E5F5AA600A70BAE;
			productRefGroup = A15452F81E5F5AA600A70BAE /* Products */;
			projectDirPath = "";
			projectRoot = "";
			targets = (
				A15452F61E5F5AA600A70BAE /* OnTheMap */,
			);
		};
/* End PBXProject section */

/* Begin PBXResourcesBuildPhase section */
		A15452F51E5F5AA600A70BAE /* Resources */ = {
			isa = PBXResourcesBuildPhase;
			buildActionMask = 2147483647;
			files = (
				A12452101E61FF03006E5F3A /* Roboto-Medium.ttf in Resources */,
				A15453051E5F5AA600A70BAE /* LaunchScreen.storyboard in Resources */,
				A12452121E61FF03006E5F3A /* Roboto-Thin.ttf in Resources */,
				A12452111E61FF03006E5F3A /* Roboto-Regular.ttf in Resources */,
				A15453021E5F5AA600A70BAE /* Assets.xcassets in Resources */,
				A15453001E5F5AA600A70BAE /* Main.storyboard in Resources */,
			);
			runOnlyForDeploymentPostprocessing = 0;
		};
/* End PBXResourcesBuildPhase section */

/* Begin PBXSourcesBuildPhase section */
		A15452F31E5F5AA600A70BAE /* Sources */ = {
			isa = PBXSourcesBuildPhase;
			buildActionMask = 2147483647;
			files = (
				A12452081E60E733006E5F3A /* ParseClient.swift in Sources */,
				A12452041E609A42006E5F3A /* GCDBlackBox.swift in Sources */,
				A124520A1E60E8CC006E5F3A /* StudentLocation.swift in Sources */,
				A124520C1E610672006E5F3A /* TableViewController.swift in Sources */,
				A15453111E5F83BA00A70BAE /* LoginViewController.swift in Sources */,
				A15452FB1E5F5AA600A70BAE /* AppDelegate.swift in Sources */,
				A12452141E622BCD006E5F3A /* InformationPostingViewController.swift in Sources */,
				A12452181E6390AB006E5F3A /* OTMViewControllerConvenience.swift in Sources */,
				A12452061E60DB09006E5F3A /* MapViewController.swift in Sources */,
				A15453131E5F93E300A70BAE /* UdacityClient.swift in Sources */,
			);
			runOnlyForDeploymentPostprocessing = 0;
		};
/* End PBXSourcesBuildPhase section */

/* Begin PBXVariantGroup section */
		A15452FE1E5F5AA600A70BAE /* Main.storyboard */ = {
			isa = PBXVariantGroup;
			children = (
				A15452FF1E5F5AA600A70BAE /* Base */,
			);
			name = Main.storyboard;
			sourceTree = "<group>";
		};
		A15453031E5F5AA600A70BAE /* LaunchScreen.storyboard */ = {
			isa = PBXVariantGroup;
			children = (
				A15453041E5F5AA600A70BAE /* Base */,
			);
			name = LaunchScreen.storyboard;
			sourceTree = "<group>";
		};
/* End PBXVariantGroup section */

/* Begin XCBuildConfiguration section */
		A15453071E5F5AA600A70BAE /* Debug */ = {
			isa = XCBuildConfiguration;
			buildSettings = {
				ALWAYS_SEARCH_USER_PATHS = NO;
				CLANG_ANALYZER_NONNULL = YES;
				CLANG_CXX_LANGUAGE_STANDARD = "gnu++0x";
				CLANG_CXX_LIBRARY = "libc++";
				CLANG_ENABLE_MODULES = YES;
				CLANG_ENABLE_OBJC_ARC = YES;
				CLANG_WARN_BOOL_CONVERSION = YES;
				CLANG_WARN_CONSTANT_CONVERSION = YES;
				CLANG_WARN_DIRECT_OBJC_ISA_USAGE = YES_ERROR;
				CLANG_WARN_DOCUMENTATION_COMMENTS = YES;
				CLANG_WARN_EMPTY_BODY = YES;
				CLANG_WARN_ENUM_CONVERSION = YES;
				CLANG_WARN_INFINITE_RECURSION = YES;
				CLANG_WARN_INT_CONVERSION = YES;
				CLANG_WARN_OBJC_ROOT_CLASS = YES_ERROR;
				CLANG_WARN_SUSPICIOUS_MOVE = YES;
				CLANG_WARN_UNREACHABLE_CODE = YES;
				CLANG_WARN__DUPLICATE_METHOD_MATCH = YES;
				"CODE_SIGN_IDENTITY[sdk=iphoneos*]" = "iPhone Developer";
				COPY_PHASE_STRIP = NO;
				DEBUG_INFORMATION_FORMAT = dwarf;
				ENABLE_STRICT_OBJC_MSGSEND = YES;
				ENABLE_TESTABILITY = YES;
				GCC_C_LANGUAGE_STANDARD = gnu99;
				GCC_DYNAMIC_NO_PIC = NO;
				GCC_NO_COMMON_BLOCKS = YES;
				GCC_OPTIMIZATION_LEVEL = 0;
				GCC_PREPROCESSOR_DEFINITIONS = (
					"DEBUG=1",
					"$(inherited)",
				);
				GCC_WARN_64_TO_32_BIT_CONVERSION = YES;
				GCC_WARN_ABOUT_RETURN_TYPE = YES_ERROR;
				GCC_WARN_UNDECLARED_SELECTOR = YES;
				GCC_WARN_UNINITIALIZED_AUTOS = YES_AGGRESSIVE;
				GCC_WARN_UNUSED_FUNCTION = YES;
				GCC_WARN_UNUSED_VARIABLE = YES;
				IPHONEOS_DEPLOYMENT_TARGET = 10.2;
				MTL_ENABLE_DEBUG_INFO = YES;
				ONLY_ACTIVE_ARCH = YES;
				SDKROOT = iphoneos;
				SWIFT_ACTIVE_COMPILATION_CONDITIONS = DEBUG;
				SWIFT_OPTIMIZATION_LEVEL = "-Onone";
				TARGETED_DEVICE_FAMILY = "1,2";
			};
			name = Debug;
		};
		A15453081E5F5AA600A70BAE /* Release */ = {
			isa = XCBuildConfiguration;
			buildSettings = {
				ALWAYS_SEARCH_USER_PATHS = NO;
				CLANG_ANALYZER_NONNULL = YES;
				CLANG_CXX_LANGUAGE_STANDARD = "gnu++0x";
				CLANG_CXX_LIBRARY = "libc++";
				CLANG_ENABLE_MODULES = YES;
				CLANG_ENABLE_OBJC_ARC = YES;
				CLANG_WARN_BOOL_CONVERSION = YES;
				CLANG_WARN_CONSTANT_CONVERSION = YES;
				CLANG_WARN_DIRECT_OBJC_ISA_USAGE = YES_ERROR;
				CLANG_WARN_DOCUMENTATION_COMMENTS = YES;
				CLANG_WARN_EMPTY_BODY = YES;
				CLANG_WARN_ENUM_CONVERSION = YES;
				CLANG_WARN_INFINITE_RECURSION = YES;
				CLANG_WARN_INT_CONVERSION = YES;
				CLANG_WARN_OBJC_ROOT_CLASS = YES_ERROR;
				CLANG_WARN_SUSPICIOUS_MOVE = YES;
				CLANG_WARN_UNREACHABLE_CODE = YES;
				CLANG_WARN__DUPLICATE_METHOD_MATCH = YES;
				"CODE_SIGN_IDENTITY[sdk=iphoneos*]" = "iPhone Developer";
				COPY_PHASE_STRIP = NO;
				DEBUG_INFORMATION_FORMAT = "dwarf-with-dsym";
				ENABLE_NS_ASSERTIONS = NO;
				ENABLE_STRICT_OBJC_MSGSEND = YES;
				GCC_C_LANGUAGE_STANDARD = gnu99;
				GCC_NO_COMMON_BLOCKS = YES;
				GCC_WARN_64_TO_32_BIT_CONVERSION = YES;
				GCC_WARN_ABOUT_RETURN_TYPE = YES_ERROR;
				GCC_WARN_UNDECLARED_SELECTOR = YES;
				GCC_WARN_UNINITIALIZED_AUTOS = YES_AGGRESSIVE;
				GCC_WARN_UNUSED_FUNCTION = YES;
				GCC_WARN_UNUSED_VARIABLE = YES;
				IPHONEOS_DEPLOYMENT_TARGET = 10.2;
				MTL_ENABLE_DEBUG_INFO = NO;
				SDKROOT = iphoneos;
				SWIFT_OPTIMIZATION_LEVEL = "-Owholemodule";
				TARGETED_DEVICE_FAMILY = "1,2";
				VALIDATE_PRODUCT = YES;
			};
			name = Release;
		};
		A154530A1E5F5AA600A70BAE /* Debug */ = {
			isa = XCBuildConfiguration;
			buildSettings = {
				ASSETCATALOG_COMPILER_APPICON_NAME = AppIcon;
				DEVELOPMENT_TEAM = 39SU5X655D;
				INFOPLIST_FILE = OnTheMap/Info.plist;
				LD_RUNPATH_SEARCH_PATHS = "$(inherited) @executable_path/Frameworks";
				PRODUCT_BUNDLE_IDENTIFIER = com.cuda12.OnTheMap;
				PRODUCT_NAME = "$(TARGET_NAME)";
				SWIFT_VERSION = 3.0;
			};
			name = Debug;
		};
		A154530B1E5F5AA600A70BAE /* Release */ = {
			isa = XCBuildConfiguration;
			buildSettings = {
				ASSETCATALOG_COMPILER_APPICON_NAME = AppIcon;
				DEVELOPMENT_TEAM = 39SU5X655D;
				INFOPLIST_FILE = OnTheMap/Info.plist;
				LD_RUNPATH_SEARCH_PATHS = "$(inherited) @executable_path/Frameworks";
				PRODUCT_BUNDLE_IDENTIFIER = com.cuda12.OnTheMap;
				PRODUCT_NAME = "$(TARGET_NAME)";
				SWIFT_VERSION = 3.0;
			};
			name = Release;
		};
/* End XCBuildConfiguration section */

/* Begin XCConfigurationList section */
		A15452F21E5F5AA600A70BAE /* Build configuration list for PBXProject "OnTheMap" */ = {
			isa = XCConfigurationList;
			buildConfigurations = (
				A15453071E5F5AA600A70BAE /* Debug */,
				A15453081E5F5AA600A70BAE /* Release */,
			);
			defaultConfigurationIsVisible = 0;
			defaultConfigurationName = Release;
		};
		A15453091E5F5AA600A70BAE /* Build configuration list for PBXNativeTarget "OnTheMap" */ = {
			isa = XCConfigurationList;
			buildConfigurations = (
				A154530A1E5F5AA600A70BAE /* Debug */,
				A154530B1E5F5AA600A70BAE /* Release */,
			);
			defaultConfigurationIsVisible = 0;
			defaultConfigurationName = Release;
		};
/* End XCConfigurationList section */
	};
	rootObject = A15452EF1E5F5AA600A70BAE /* Project object */;
}
